{"1.1.0",
[{<<"bitmap">>,{pkg,<<"ebitmap">>,<<"0.1.5">>},0},
 {<<"cf">>,{pkg,<<"cf">>,<<"0.2.2">>},1},
 {<<"mmath">>,{pkg,<<"mmath">>,<<"0.2.19">>},0},
 {<<"trie">>,{pkg,<<"trie">>,<<"1.7.2">>},0}]}.
[
{pkg_hash,[
 {<<"bitmap">>, <<"CCBA452F713F755EE89C1477AC23595060D1A27B3CE7ACD1D5E72008912F9F7D">>},
 {<<"cf">>, <<"7F2913FFF90ABCABD0F489896CFEB0B0674F6C8DF6C10B17A83175448029896C">>},
 {<<"mmath">>, <<"8549F4A2A9C5239323A252974DAE8B40B61BE88826A0EF7E8077900DE943F9E6">>},
 {<<"trie">>, <<"CF3779ACF42DE76F8A9B74517E46449D3D31A827ED7A7C287B3A534945966237">>}]}
].
